{
  "name": "AbyssGPT",
  "lockfileVersion": 3,
  "requires": true,
  "packages": {
    "": {
      "dependencies": {
        "networkx": "^0.0.1-security",
        "numpy": "^0.0.1",
        "pandas": "^0.0.3",
        "plotly": "^1.0.6",
        "streamlet": "^1.1.0",
        "streamlit": "^2.51.2"
      }
    },
    "node_modules/minimist": {
      "version": "1.2.8",
      "resolved": "https://registry.npmjs.org/minimist/-/minimist-1.2.8.tgz",
      "integrity": "sha512-2yyAR8qBkN3YuheJanUpWC5U3bb5osDywNB8RzDVlDwDHbocAJveqqj1u8+SVD7jkWT4yvsHCpWqqWqAxb0zCA==",
      "license": "MIT",
      "funding": {
        "url": "https://github.com/sponsors/ljharb"
      }
    },
    "node_modules/mkdirp": {
      "version": "0.5.6",
      "resolved": "https://registry.npmjs.org/mkdirp/-/mkdirp-0.5.6.tgz",
      "integrity": "sha512-FP+p8RB8OWpF3YZBCrP5gtADmtXApB5AMLn+vdyA+PyxCjrCs00mjyUozssO33cwDeT3wNGdLxJ5M//YqtHAJw==",
      "license": "MIT",
      "dependencies": {
        "minimist": "^1.2.6"
      },
      "bin": {
        "mkdirp": "bin/cmd.js"
      }
    },
    "node_modules/networkx": {
      "version": "0.0.1-security",
      "resolved": "https://registry.npmjs.org/networkx/-/networkx-0.0.1-security.tgz",
      "integrity": "sha512-DbiM49eUG34GoSVxfzBzp6P7RvwjSWI1E2MxdtNoBhY62mWOVGyooomK2QVfmTxZ1V1VV0OyOHeIrohzoIKx4g=="
    },
    "node_modules/numpy": {
      "version": "0.0.1",
      "resolved": "https://registry.npmjs.org/numpy/-/numpy-0.0.1.tgz",
      "integrity": "sha512-HPoSFyRtH4dRUGjI6bzeVKgfOeNtIAWLvVWMqbaNGmWKE+npdnZ6L78TEJELgZBb+9XpL6r16vOz1jaQ7YVI7Q==",
      "license": "MIT"
    },
    "node_modules/pandas": {
      "version": "0.0.3",
      "resolved": "https://registry.npmjs.org/pandas/-/pandas-0.0.3.tgz",
      "integrity": "sha512-b6b0XOuj8mvj2Kn6qfcvPmb0ILCcbuep5VYZche3730P9cXQcvarbbvWJxwXkxc3OXyGFYjJ4kozjX5ZXXMrsw==",
      "license": "WTFPL"
    },
    "node_modules/plotly": {
      "version": "1.0.6",
      "resolved": "https://registry.npmjs.org/plotly/-/plotly-1.0.6.tgz",
      "integrity": "sha512-9DoPWfLJWxqXg6omu1Oj7qkvyOce0Nv+X+2SOoI9lG9mbvA7S/qGVHypwrGMV3r53ruW1Fl1A9a7ZIPt22FrpA==",
      "license": "MIT",
      "dependencies": {
        "mkdirp": "~0.5.0"
      }
    },
    "node_modules/streamlet": {
      "version": "1.1.0",
      "resolved": "https://registry.npmjs.org/streamlet/-/streamlet-1.1.0.tgz",
      "integrity": "sha512-UD9cRjJwIAuvE/h/nkNSGHn3QsYrggteD1j9v1F9oaU2tbEpEOGrLL11ijJpWA2TI9+t90dw7yKjZ0eycSmOww==",
      "license": "MIT",
      "dependencies": {
        "subsequent": "^1.0.0"
      }
    },
    "node_modules/streamlit": {
      "version": "2.51.2",
      "resolved": "https://registry.npmjs.org/streamlit/-/streamlit-2.51.2.tgz",
      "integrity": "sha512-ZMF3Z7ueouGnw98p+T96hFKrTAIBiY1Iz9D5qPQXBOi8+2RkBCmzInBnjZZa9abQVrlsAbndns+6E3aiYs9EGQ==",
      "license": "ISC"
    },
    "node_modules/subsequent": {
      "version": "1.0.4",
      "resolved": "https://registry.npmjs.org/subsequent/-/subsequent-1.0.4.tgz",
      "integrity": "sha512-erHISgHk9+1Gj62WT7C+I6zEcdkPqC1SJl/Zb8bdtkHciwTu1uUVjpTYR8JGLTGRprEYSN2tMoAIDhWHLoYkoQ==",
      "license": "MIT"
    }
  }
}
